
Microsoft Visual Studio Solution File, Format Version 12.00
# Visual Studio 15
VisualStudioVersion = 15.0.28307.779
MinimumVisualStudioVersion = 10.0.40219.1
Project("{FAE04EC0-301F-11D3-BF4B-00C04F79EFBC}") = "TicTacToeV1", "TicTacToeV1\TicTacToeV1.csproj", "{D731DD52-14A2-4962-A467-7F9C9925FCA0}"
EndProject
Global
	GlobalSection(SolutionConfigurationPlatforms) = preSolution
		Debug|Any CPU = Debug|Any CPU
		Release|Any CPU = Release|Any CPU
	EndGlobalSection
	GlobalSection(ProjectConfigurationPlatforms) = postSolution
		{D731DD52-14A2-4962-A467-7F9C9925FCA0}.Debug|Any CPU.ActiveCfg = Debug|Any CPU
		{D731DD52-14A2-4962-A467-7F9C9925FCA0}.Debug|Any CPU.Build.0 = Debug|Any CPU
		{D731DD52-14A2-4962-A467-7F9C9925FCA0}.Release|Any CPU.ActiveCfg = Release|Any CPU
		{D731DD52-14A2-4962-A467-7F9C9925FCA0}.Release|Any CPU.Build.0 = Release|Any CPU
	EndGlobalSection
	GlobalSection(SolutionProperties) = preSolution
		HideSolutionNode = FALSE
	EndGlobalSection
	GlobalSection(ExtensibilityGlobals) = postSolution
		SolutionGuid = {F4FF7556-35F8-4C0B-94C2-7C2F80A71544}
	EndGlobalSection
EndGlobal
